
Microsoft Visual Studio Solution File, Format Version 12.00
# Visual Studio Version 17
VisualStudioVersion = 17.13.35825.156 d17.13
MinimumVisualStudioVersion = 10.0.40219.1
Project("{2150E333-8FDC-42A3-9474-1A3956D46DE8}") = "src", "src", "{02EA681E-C7D8-13C7-8484-4AC65E1B71E8}"
EndProject
Project("{2150E333-8FDC-42A3-9474-1A3956D46DE8}") = "Base", "Base", "{DF30FE5A-22E4-49A7-8771-5C3A9F8C2A9A}"
EndProject
Project("{2150E333-8FDC-42A3-9474-1A3956D46DE8}") = "Presentation", "Presentation", "{885FDD3C-494C-4F7F-A901-A6A753337016}"
EndProject
Project("{2150E333-8FDC-42A3-9474-1A3956D46DE8}") = "Expense", "Expense", "{0C60FDD7-8892-48B7-9815-BFE5E31F14F6}"
EndProject
Project("{FAE04EC0-301F-11D3-BF4B-00C04F79EFBC}") = "Papara.WebApi", "src\Presentation\Papara.WebApi\Papara.WebApi.csproj", "{FB47C01A-D81E-4D9A-9AC0-A58CDBD1993D}"
EndProject
Project("{FAE04EC0-301F-11D3-BF4B-00C04F79EFBC}") = "Expense.Domain", "src\Expense\Expense.Domain\Expense.Domain.csproj", "{A90F4E86-7E08-4536-ADAE-CF2AD8038B88}"
EndProject
Project("{FAE04EC0-301F-11D3-BF4B-00C04F79EFBC}") = "Expense.Application", "src\Expense\Expense.Application\Expense.Application.csproj", "{1AEBB0C0-78B8-4E63-8DAF-6E179C8F336E}"
EndProject
Project("{FAE04EC0-301F-11D3-BF4B-00C04F79EFBC}") = "Expense.Infrastructure", "src\Expense\Expense.Infrastructure\Expense.Infrastructure.csproj", "{D0BAEB0D-38FB-4ACE-B16B-7D44A152EA90}"
EndProject
Project("{FAE04EC0-301F-11D3-BF4B-00C04F79EFBC}") = "Base.Domain", "src\Base\Base.Domain\Base.Domain.csproj", "{49688A0C-0AE3-4D7D-BE6F-DB5E1469C48B}"
EndProject
Project("{FAE04EC0-301F-11D3-BF4B-00C04F79EFBC}") = "Base.Application", "src\Base\Base.Application\Base.Application.csproj", "{D5778585-06EC-47BB-998A-B1A88FABA12F}"
EndProject
Project("{FAE04EC0-301F-11D3-BF4B-00C04F79EFBC}") = "Base.Infrastructure", "src\Base\Base.Infrastructure\Base.Infrastructure.csproj", "{8D443B3A-C2EA-4430-874C-C3DC14D528AC}"
EndProject
Project("{FAE04EC0-301F-11D3-BF4B-00C04F79EFBC}") = "Base.Persistence", "src\Base\Base.Persistence\Base.Persistence.csproj", "{F8CF9C1B-AFA8-48EA-BD40-70CAEA38949B}"
EndProject
Global
	GlobalSection(SolutionConfigurationPlatforms) = preSolution
		Debug|Any CPU = Debug|Any CPU
		Release|Any CPU = Release|Any CPU
	EndGlobalSection
	GlobalSection(ProjectConfigurationPlatforms) = postSolution
		{FB47C01A-D81E-4D9A-9AC0-A58CDBD1993D}.Debug|Any CPU.ActiveCfg = Debug|Any CPU
		{FB47C01A-D81E-4D9A-9AC0-A58CDBD1993D}.Debug|Any CPU.Build.0 = Debug|Any CPU
		{FB47C01A-D81E-4D9A-9AC0-A58CDBD1993D}.Release|Any CPU.ActiveCfg = Release|Any CPU
		{FB47C01A-D81E-4D9A-9AC0-A58CDBD1993D}.Release|Any CPU.Build.0 = Release|Any CPU
		{A90F4E86-7E08-4536-ADAE-CF2AD8038B88}.Debug|Any CPU.ActiveCfg = Debug|Any CPU
		{A90F4E86-7E08-4536-ADAE-CF2AD8038B88}.Debug|Any CPU.Build.0 = Debug|Any CPU
		{A90F4E86-7E08-4536-ADAE-CF2AD8038B88}.Release|Any CPU.ActiveCfg = Release|Any CPU
		{A90F4E86-7E08-4536-ADAE-CF2AD8038B88}.Release|Any CPU.Build.0 = Release|Any CPU
		{1AEBB0C0-78B8-4E63-8DAF-6E179C8F336E}.Debug|Any CPU.ActiveCfg = Debug|Any CPU
		{1AEBB0C0-78B8-4E63-8DAF-6E179C8F336E}.Debug|Any CPU.Build.0 = Debug|Any CPU
		{1AEBB0C0-78B8-4E63-8DAF-6E179C8F336E}.Release|Any CPU.ActiveCfg = Release|Any CPU
		{1AEBB0C0-78B8-4E63-8DAF-6E179C8F336E}.Release|Any CPU.Build.0 = Release|Any CPU
		{D0BAEB0D-38FB-4ACE-B16B-7D44A152EA90}.Debug|Any CPU.ActiveCfg = Debug|Any CPU
		{D0BAEB0D-38FB-4ACE-B16B-7D44A152EA90}.Debug|Any CPU.Build.0 = Debug|Any CPU
		{D0BAEB0D-38FB-4ACE-B16B-7D44A152EA90}.Release|Any CPU.ActiveCfg = Release|Any CPU
		{D0BAEB0D-38FB-4ACE-B16B-7D44A152EA90}.Release|Any CPU.Build.0 = Release|Any CPU
		{49688A0C-0AE3-4D7D-BE6F-DB5E1469C48B}.Debug|Any CPU.ActiveCfg = Debug|Any CPU
		{49688A0C-0AE3-4D7D-BE6F-DB5E1469C48B}.Debug|Any CPU.Build.0 = Debug|Any CPU
		{49688A0C-0AE3-4D7D-BE6F-DB5E1469C48B}.Release|Any CPU.ActiveCfg = Release|Any CPU
		{49688A0C-0AE3-4D7D-BE6F-DB5E1469C48B}.Release|Any CPU.Build.0 = Release|Any CPU
		{D5778585-06EC-47BB-998A-B1A88FABA12F}.Debug|Any CPU.ActiveCfg = Debug|Any CPU
		{D5778585-06EC-47BB-998A-B1A88FABA12F}.Debug|Any CPU.Build.0 = Debug|Any CPU
		{D5778585-06EC-47BB-998A-B1A88FABA12F}.Release|Any CPU.ActiveCfg = Release|Any CPU
		{D5778585-06EC-47BB-998A-B1A88FABA12F}.Release|Any CPU.Build.0 = Release|Any CPU
		{8D443B3A-C2EA-4430-874C-C3DC14D528AC}.Debug|Any CPU.ActiveCfg = Debug|Any CPU
		{8D443B3A-C2EA-4430-874C-C3DC14D528AC}.Debug|Any CPU.Build.0 = Debug|Any CPU
		{8D443B3A-C2EA-4430-874C-C3DC14D528AC}.Release|Any CPU.ActiveCfg = Release|Any CPU
		{8D443B3A-C2EA-4430-874C-C3DC14D528AC}.Release|Any CPU.Build.0 = Release|Any CPU
		{F8CF9C1B-AFA8-48EA-BD40-70CAEA38949B}.Debug|Any CPU.ActiveCfg = Debug|Any CPU
		{F8CF9C1B-AFA8-48EA-BD40-70CAEA38949B}.Debug|Any CPU.Build.0 = Debug|Any CPU
		{F8CF9C1B-AFA8-48EA-BD40-70CAEA38949B}.Release|Any CPU.ActiveCfg = Release|Any CPU
		{F8CF9C1B-AFA8-48EA-BD40-70CAEA38949B}.Release|Any CPU.Build.0 = Release|Any CPU
	EndGlobalSection
	GlobalSection(SolutionProperties) = preSolution
		HideSolutionNode = FALSE
	EndGlobalSection
	GlobalSection(NestedProjects) = preSolution
		{DF30FE5A-22E4-49A7-8771-5C3A9F8C2A9A} = {02EA681E-C7D8-13C7-8484-4AC65E1B71E8}
		{885FDD3C-494C-4F7F-A901-A6A753337016} = {02EA681E-C7D8-13C7-8484-4AC65E1B71E8}
		{0C60FDD7-8892-48B7-9815-BFE5E31F14F6} = {02EA681E-C7D8-13C7-8484-4AC65E1B71E8}
		{FB47C01A-D81E-4D9A-9AC0-A58CDBD1993D} = {885FDD3C-494C-4F7F-A901-A6A753337016}
		{A90F4E86-7E08-4536-ADAE-CF2AD8038B88} = {0C60FDD7-8892-48B7-9815-BFE5E31F14F6}
		{1AEBB0C0-78B8-4E63-8DAF-6E179C8F336E} = {0C60FDD7-8892-48B7-9815-BFE5E31F14F6}
		{D0BAEB0D-38FB-4ACE-B16B-7D44A152EA90} = {0C60FDD7-8892-48B7-9815-BFE5E31F14F6}
		{49688A0C-0AE3-4D7D-BE6F-DB5E1469C48B} = {DF30FE5A-22E4-49A7-8771-5C3A9F8C2A9A}
		{D5778585-06EC-47BB-998A-B1A88FABA12F} = {DF30FE5A-22E4-49A7-8771-5C3A9F8C2A9A}
		{8D443B3A-C2EA-4430-874C-C3DC14D528AC} = {DF30FE5A-22E4-49A7-8771-5C3A9F8C2A9A}
		{F8CF9C1B-AFA8-48EA-BD40-70CAEA38949B} = {DF30FE5A-22E4-49A7-8771-5C3A9F8C2A9A}
	EndGlobalSection
	GlobalSection(ExtensibilityGlobals) = postSolution
		SolutionGuid = {483AAFBC-4F1E-4471-948E-A591BC6F4A26}
	EndGlobalSection
EndGlobal
